
Microsoft Visual Studio Solution File, Format Version 12.00
# Visual Studio Version 17
VisualStudioVersion = 17.6.33829.357
MinimumVisualStudioVersion = 10.0.40219.1
Project("{FAE04EC0-301F-11D3-BF4B-00C04F79EFBC}") = "AplicacionDePago", "AplicacionDePago\AplicacionDePago.csproj", "{24AA3760-9908-4F47-94CD-3FF834CBD861}"
EndProject
Global
	GlobalSection(SolutionConfigurationPlatforms) = preSolution
		Debug|Any CPU = Debug|Any CPU
		Release|Any CPU = Release|Any CPU
	EndGlobalSection
	GlobalSection(ProjectConfigurationPlatforms) = postSolution
		{24AA3760-9908-4F47-94CD-3FF834CBD861}.Debug|Any CPU.ActiveCfg = Debug|Any CPU
		{24AA3760-9908-4F47-94CD-3FF834CBD861}.Debug|Any CPU.Build.0 = Debug|Any CPU
		{24AA3760-9908-4F47-94CD-3FF834CBD861}.Release|Any CPU.ActiveCfg = Release|Any CPU
		{24AA3760-9908-4F47-94CD-3FF834CBD861}.Release|Any CPU.Build.0 = Release|Any CPU
	EndGlobalSection
	GlobalSection(SolutionProperties) = preSolution
		HideSolutionNode = FALSE
	EndGlobalSection
	GlobalSection(ExtensibilityGlobals) = postSolution
		SolutionGuid = {8E2EDF7F-7229-451A-AC36-7AE6D08899A3}
	EndGlobalSection
EndGlobal
